PODS:
  - camera (0.0.1):
    - Flutter
  - Flutter (1.0.0)

DEPENDENCIES:
  - camera (from `Pods/.symlinks/plugins/camera/ios`)
  - Flutter (from `Pods/.symlinks/flutter/ios`)

EXTERNAL SOURCES:
  camera:
    :path: Pods/.symlinks/plugins/camera/ios
  Flutter:
    :path: Pods/.symlinks/flutter/ios

SPEC CHECKSUMS:
  camera: 38cc83ae9a5667bb5a71c7d9edaf60a91920fd4e
  Flutter: 0e3d915762c693b495b44d77113d4970485de6ec

PODFILE CHECKSUM: 13dcf421f4da2e937a57e8ba760ed880beae536f

COCOAPODS: 1.7.2
